
Microsoft Visual Studio Solution File, Format Version 12.00
# Visual Studio Version 17
VisualStudioVersion = 17.9.34714.143
MinimumVisualStudioVersion = 10.0.40219.1
Project("{8BC9CEB8-8B4A-11D0-8D11-00A0C91BC942}") = "3.1", "3.1\3.1.vcxproj", "{AF144180-88D9-4963-9599-880F7F148402}"
EndProject
Project("{8BC9CEB8-8B4A-11D0-8D11-00A0C91BC942}") = "3.2", "3.2\3.2.vcxproj", "{9E04A291-F461-43AE-8B62-B322EAC2D5DA}"
EndProject
Project("{8BC9CEB8-8B4A-11D0-8D11-00A0C91BC942}") = "5.1", "5.1\5.1.vcxproj", "{96991B0F-FB25-4E93-9E1F-3F0CEC0EAF21}"
EndProject
Project("{8BC9CEB8-8B4A-11D0-8D11-00A0C91BC942}") = "5.2", "5.2\5.2.vcxproj", "{32C82E34-27FB-4EC6-BF39-4E2F10934A6F}"
EndProject
Project("{8BC9CEB8-8B4A-11D0-8D11-00A0C91BC942}") = "5.3", "5.3\5.3.vcxproj", "{B2052882-34EF-4573-BA87-8E6A44EA9F28}"
EndProject
Project("{8BC9CEB8-8B4A-11D0-8D11-00A0C91BC942}") = "3.3", "3.3\3.3.vcxproj", "{3A816056-E810-459B-AD31-9FF8530F0926}"
EndProject
Project("{8BC9CEB8-8B4A-11D0-8D11-00A0C91BC942}") = "3.4", "3.4\3.4.vcxproj", "{61A52188-7382-4E8B-A925-A703CC2904EB}"
EndProject
Project("{8BC9CEB8-8B4A-11D0-8D11-00A0C91BC942}") = "5.4", "5.4\5.4.vcxproj", "{13693FC1-F053-4278-B6B1-52016088102F}"
EndProject
Project("{8BC9CEB8-8B4A-11D0-8D11-00A0C91BC942}") = "5.5", "5.5\5.5.vcxproj", "{D8C5D365-CF8F-4994-8F34-0E4F3C30153A}"
EndProject
Project("{8BC9CEB8-8B4A-11D0-8D11-00A0C91BC942}") = "5.6", "5.6\5.6.vcxproj", "{A9022F10-76F7-4FFD-BAF5-41E6CBFCE7A8}"
EndProject
Project("{8BC9CEB8-8B4A-11D0-8D11-00A0C91BC942}") = "5.7", "5.7\5.7.vcxproj", "{073BD213-D7D6-4AD7-8896-C5816228E146}"
EndProject
Global
	GlobalSection(SolutionConfigurationPlatforms) = preSolution
		Debug|x64 = Debug|x64
		Debug|x86 = Debug|x86
		Release|x64 = Release|x64
		Release|x86 = Release|x86
	EndGlobalSection
	GlobalSection(ProjectConfigurationPlatforms) = postSolution
		{AF144180-88D9-4963-9599-880F7F148402}.Debug|x64.ActiveCfg = Debug|x64
		{AF144180-88D9-4963-9599-880F7F148402}.Debug|x64.Build.0 = Debug|x64
		{AF144180-88D9-4963-9599-880F7F148402}.Debug|x86.ActiveCfg = Debug|Win32
		{AF144180-88D9-4963-9599-880F7F148402}.Debug|x86.Build.0 = Debug|Win32
		{AF144180-88D9-4963-9599-880F7F148402}.Release|x64.ActiveCfg = Release|x64
		{AF144180-88D9-4963-9599-880F7F148402}.Release|x64.Build.0 = Release|x64
		{AF144180-88D9-4963-9599-880F7F148402}.Release|x86.ActiveCfg = Release|Win32
		{AF144180-88D9-4963-9599-880F7F148402}.Release|x86.Build.0 = Release|Win32
		{9E04A291-F461-43AE-8B62-B322EAC2D5DA}.Debug|x64.ActiveCfg = Debug|x64
		{9E04A291-F461-43AE-8B62-B322EAC2D5DA}.Debug|x64.Build.0 = Debug|x64
		{9E04A291-F461-43AE-8B62-B322EAC2D5DA}.Debug|x86.ActiveCfg = Debug|Win32
		{9E04A291-F461-43AE-8B62-B322EAC2D5DA}.Debug|x86.Build.0 = Debug|Win32
		{9E04A291-F461-43AE-8B62-B322EAC2D5DA}.Release|x64.ActiveCfg = Release|x64
		{9E04A291-F461-43AE-8B62-B322EAC2D5DA}.Release|x64.Build.0 = Release|x64
		{9E04A291-F461-43AE-8B62-B322EAC2D5DA}.Release|x86.ActiveCfg = Release|Win32
		{9E04A291-F461-43AE-8B62-B322EAC2D5DA}.Release|x86.Build.0 = Release|Win32
		{96991B0F-FB25-4E93-9E1F-3F0CEC0EAF21}.Debug|x64.ActiveCfg = Debug|x64
		{96991B0F-FB25-4E93-9E1F-3F0CEC0EAF21}.Debug|x64.Build.0 = Debug|x64
		{96991B0F-FB25-4E93-9E1F-3F0CEC0EAF21}.Debug|x86.ActiveCfg = Debug|Win32
		{96991B0F-FB25-4E93-9E1F-3F0CEC0EAF21}.Debug|x86.Build.0 = Debug|Win32
		{96991B0F-FB25-4E93-9E1F-3F0CEC0EAF21}.Release|x64.ActiveCfg = Release|x64
		{96991B0F-FB25-4E93-9E1F-3F0CEC0EAF21}.Release|x64.Build.0 = Release|x64
		{96991B0F-FB25-4E93-9E1F-3F0CEC0EAF21}.Release|x86.ActiveCfg = Release|Win32
		{96991B0F-FB25-4E93-9E1F-3F0CEC0EAF21}.Release|x86.Build.0 = Release|Win32
		{32C82E34-27FB-4EC6-BF39-4E2F10934A6F}.Debug|x64.ActiveCfg = Debug|x64
		{32C82E34-27FB-4EC6-BF39-4E2F10934A6F}.Debug|x64.Build.0 = Debug|x64
		{32C82E34-27FB-4EC6-BF39-4E2F10934A6F}.Debug|x86.ActiveCfg = Debug|Win32
		{32C82E34-27FB-4EC6-BF39-4E2F10934A6F}.Debug|x86.Build.0 = Debug|Win32
		{32C82E34-27FB-4EC6-BF39-4E2F10934A6F}.Release|x64.ActiveCfg = Release|x64
		{32C82E34-27FB-4EC6-BF39-4E2F10934A6F}.Release|x64.Build.0 = Release|x64
		{32C82E34-27FB-4EC6-BF39-4E2F10934A6F}.Release|x86.ActiveCfg = Release|Win32
		{32C82E34-27FB-4EC6-BF39-4E2F10934A6F}.Release|x86.Build.0 = Release|Win32
		{B2052882-34EF-4573-BA87-8E6A44EA9F28}.Debug|x64.ActiveCfg = Debug|x64
		{B2052882-34EF-4573-BA87-8E6A44EA9F28}.Debug|x64.Build.0 = Debug|x64
		{B2052882-34EF-4573-BA87-8E6A44EA9F28}.Debug|x86.ActiveCfg = Debug|Win32
		{B2052882-34EF-4573-BA87-8E6A44EA9F28}.Debug|x86.Build.0 = Debug|Win32
		{B2052882-34EF-4573-BA87-8E6A44EA9F28}.Release|x64.ActiveCfg = Release|x64
		{B2052882-34EF-4573-BA87-8E6A44EA9F28}.Release|x64.Build.0 = Release|x64
		{B2052882-34EF-4573-BA87-8E6A44EA9F28}.Release|x86.ActiveCfg = Release|Win32
		{B2052882-34EF-4573-BA87-8E6A44EA9F28}.Release|x86.Build.0 = Release|Win32
		{3A816056-E810-459B-AD31-9FF8530F0926}.Debug|x64.ActiveCfg = Debug|x64
		{3A816056-E810-459B-AD31-9FF8530F0926}.Debug|x64.Build.0 = Debug|x64
		{3A816056-E810-459B-AD31-9FF8530F0926}.Debug|x86.ActiveCfg = Debug|Win32
		{3A816056-E810-459B-AD31-9FF8530F0926}.Debug|x86.Build.0 = Debug|Win32
		{3A816056-E810-459B-AD31-9FF8530F0926}.Release|x64.ActiveCfg = Release|x64
		{3A816056-E810-459B-AD31-9FF8530F0926}.Release|x64.Build.0 = Release|x64
		{3A816056-E810-459B-AD31-9FF8530F0926}.Release|x86.ActiveCfg = Release|Win32
		{3A816056-E810-459B-AD31-9FF8530F0926}.Release|x86.Build.0 = Release|Win32
		{61A52188-7382-4E8B-A925-A703CC2904EB}.Debug|x64.ActiveCfg = Debug|x64
		{61A52188-7382-4E8B-A925-A703CC2904EB}.Debug|x64.Build.0 = Debug|x64
		{61A52188-7382-4E8B-A925-A703CC2904EB}.Debug|x86.ActiveCfg = Debug|Win32
		{61A52188-7382-4E8B-A925-A703CC2904EB}.Debug|x86.Build.0 = Debug|Win32
		{61A52188-7382-4E8B-A925-A703CC2904EB}.Release|x64.ActiveCfg = Release|x64
		{61A52188-7382-4E8B-A925-A703CC2904EB}.Release|x64.Build.0 = Release|x64
		{61A52188-7382-4E8B-A925-A703CC2904EB}.Release|x86.ActiveCfg = Release|Win32
		{61A52188-7382-4E8B-A925-A703CC2904EB}.Release|x86.Build.0 = Release|Win32
		{13693FC1-F053-4278-B6B1-52016088102F}.Debug|x64.ActiveCfg = Debug|x64
		{13693FC1-F053-4278-B6B1-52016088102F}.Debug|x64.Build.0 = Debug|x64
		{13693FC1-F053-4278-B6B1-52016088102F}.Debug|x86.ActiveCfg = Debug|Win32
		{13693FC1-F053-4278-B6B1-52016088102F}.Debug|x86.Build.0 = Debug|Win32
		{13693FC1-F053-4278-B6B1-52016088102F}.Release|x64.ActiveCfg = Release|x64
		{13693FC1-F053-4278-B6B1-52016088102F}.Release|x64.Build.0 = Release|x64
		{13693FC1-F053-4278-B6B1-52016088102F}.Release|x86.ActiveCfg = Release|Win32
		{13693FC1-F053-4278-B6B1-52016088102F}.Release|x86.Build.0 = Release|Win32
		{D8C5D365-CF8F-4994-8F34-0E4F3C30153A}.Debug|x64.ActiveCfg = Debug|x64
		{D8C5D365-CF8F-4994-8F34-0E4F3C30153A}.Debug|x64.Build.0 = Debug|x64
		{D8C5D365-CF8F-4994-8F34-0E4F3C30153A}.Debug|x86.ActiveCfg = Debug|Win32
		{D8C5D365-CF8F-4994-8F34-0E4F3C30153A}.Debug|x86.Build.0 = Debug|Win32
		{D8C5D365-CF8F-4994-8F34-0E4F3C30153A}.Release|x64.ActiveCfg = Release|x64
		{D8C5D365-CF8F-4994-8F34-0E4F3C30153A}.Release|x64.Build.0 = Release|x64
		{D8C5D365-CF8F-4994-8F34-0E4F3C30153A}.Release|x86.ActiveCfg = Release|Win32
		{D8C5D365-CF8F-4994-8F34-0E4F3C30153A}.Release|x86.Build.0 = Release|Win32
		{A9022F10-76F7-4FFD-BAF5-41E6CBFCE7A8}.Debug|x64.ActiveCfg = Debug|x64
		{A9022F10-76F7-4FFD-BAF5-41E6CBFCE7A8}.Debug|x64.Build.0 = Debug|x64
		{A9022F10-76F7-4FFD-BAF5-41E6CBFCE7A8}.Debug|x86.ActiveCfg = Debug|Win32
		{A9022F10-76F7-4FFD-BAF5-41E6CBFCE7A8}.Debug|x86.Build.0 = Debug|Win32
		{A9022F10-76F7-4FFD-BAF5-41E6CBFCE7A8}.Release|x64.ActiveCfg = Release|x64
		{A9022F10-76F7-4FFD-BAF5-41E6CBFCE7A8}.Release|x64.Build.0 = Release|x64
		{A9022F10-76F7-4FFD-BAF5-41E6CBFCE7A8}.Release|x86.ActiveCfg = Release|Win32
		{A9022F10-76F7-4FFD-BAF5-41E6CBFCE7A8}.Release|x86.Build.0 = Release|Win32
		{073BD213-D7D6-4AD7-8896-C5816228E146}.Debug|x64.ActiveCfg = Debug|x64
		{073BD213-D7D6-4AD7-8896-C5816228E146}.Debug|x64.Build.0 = Debug|x64
		{073BD213-D7D6-4AD7-8896-C5816228E146}.Debug|x86.ActiveCfg = Debug|Win32
		{073BD213-D7D6-4AD7-8896-C5816228E146}.Debug|x86.Build.0 = Debug|Win32
		{073BD213-D7D6-4AD7-8896-C5816228E146}.Release|x64.ActiveCfg = Release|x64
		{073BD213-D7D6-4AD7-8896-C5816228E146}.Release|x64.Build.0 = Release|x64
		{073BD213-D7D6-4AD7-8896-C5816228E146}.Release|x86.ActiveCfg = Release|Win32
		{073BD213-D7D6-4AD7-8896-C5816228E146}.Release|x86.Build.0 = Release|Win32
	EndGlobalSection
	GlobalSection(SolutionProperties) = preSolution
		HideSolutionNode = FALSE
	EndGlobalSection
	GlobalSection(ExtensibilityGlobals) = postSolution
		SolutionGuid = {019A21D1-E9F7-4A40-ACB5-8154A3DEF992}
	EndGlobalSection
EndGlobal
